
Microsoft Visual Studio Solution File, Format Version 12.00
# Visual Studio 2012
Project("{FAE04EC0-301F-11D3-BF4B-00C04F79EFBC}") = "activitat1", "activitat1\activitat1.csproj", "{B7DB4D56-365D-4EF5-84C0-433F18C18339}"
EndProject
Global
	GlobalSection(SolutionConfigurationPlatforms) = preSolution
		Debug|Any CPU = Debug|Any CPU
		Release|Any CPU = Release|Any CPU
	EndGlobalSection
	GlobalSection(ProjectConfigurationPlatforms) = postSolution
		{B7DB4D56-365D-4EF5-84C0-433F18C18339}.Debug|Any CPU.ActiveCfg = Debug|Any CPU
		{B7DB4D56-365D-4EF5-84C0-433F18C18339}.Debug|Any CPU.Build.0 = Debug|Any CPU
		{B7DB4D56-365D-4EF5-84C0-433F18C18339}.Release|Any CPU.ActiveCfg = Release|Any CPU
		{B7DB4D56-365D-4EF5-84C0-433F18C18339}.Release|Any CPU.Build.0 = Release|Any CPU
	EndGlobalSection
	GlobalSection(SolutionProperties) = preSolution
		HideSolutionNode = FALSE
	EndGlobalSection
EndGlobal
